// !$*UTF8*$!
{
	archiveVersion = 1;
	classes = {
	};
	objectVersion = 51;
	objects = {

/* Begin PBXBuildFile section */
		E782E87923A122F50009F6CC /* FinderPresenterMock.swift in Sources */ = {isa = PBXBuildFile; fileRef = E782E87823A122F50009F6CC /* FinderPresenterMock.swift */; };
		E782E87F23A126A30009F6CC /* FinderViewController.swift in Sources */ = {isa = PBXBuildFile; fileRef = E782E87E23A126A30009F6CC /* FinderViewController.swift */; };
		E782E88323A1275B0009F6CC /* FinderPresenter.swift in Sources */ = {isa = PBXBuildFile; fileRef = E782E88223A1275B0009F6CC /* FinderPresenter.swift */; };
		E7AD95E923A1349700614B98 /* FinderRouter.swift in Sources */ = {isa = PBXBuildFile; fileRef = E7AD95E823A1349700614B98 /* FinderRouter.swift */; };
		E7AD95EE23A13FD600614B98 /* String+Extensions.swift in Sources */ = {isa = PBXBuildFile; fileRef = E7AD95ED23A13FD600614B98 /* String+Extensions.swift */; };
		E7AD95F123A1464500614B98 /* MediaViewControllerTests.swift in Sources */ = {isa = PBXBuildFile; fileRef = E7AD95F023A1464500614B98 /* MediaViewControllerTests.swift */; };
		E7AD95F323A147BB00614B98 /* MediaViewController.swift in Sources */ = {isa = PBXBuildFile; fileRef = E7AD95F223A147BB00614B98 /* MediaViewController.swift */; };
		E7AD960323A14E2200614B98 /* MediaPresenter.swift in Sources */ = {isa = PBXBuildFile; fileRef = E7AD960223A14E2200614B98 /* MediaPresenter.swift */; };
		E7AD960E23A1697500614B98 /* MediaWorker.swift in Sources */ = {isa = PBXBuildFile; fileRef = E7AD960D23A1697500614B98 /* MediaWorker.swift */; };
		E7AD961023A16A7B00614B98 /* MediaModel.swift in Sources */ = {isa = PBXBuildFile; fileRef = E7AD960F23A16A7B00614B98 /* MediaModel.swift */; };
		E7AD961223A1767400614B98 /* MediaRouter.swift in Sources */ = {isa = PBXBuildFile; fileRef = E7AD961123A1767400614B98 /* MediaRouter.swift */; };
		E7AD961723A17F7000614B98 /* MediaTableViewCell.swift in Sources */ = {isa = PBXBuildFile; fileRef = E7AD961523A17F7000614B98 /* MediaTableViewCell.swift */; };
		E7AD961823A17F7000614B98 /* MediaTableViewCell.xib in Resources */ = {isa = PBXBuildFile; fileRef = E7AD961623A17F7000614B98 /* MediaTableViewCell.xib */; };
		E7AD961D23A19F2B00614B98 /* DetailPresenter.swift in Sources */ = {isa = PBXBuildFile; fileRef = E7AD961C23A19F2B00614B98 /* DetailPresenter.swift */; };
		E7AD961F23A1A3E800614B98 /* UIImageView+Extensions.swift in Sources */ = {isa = PBXBuildFile; fileRef = E7AD961E23A1A3E800614B98 /* UIImageView+Extensions.swift */; };
		E7AD962123A1CE2600614B98 /* DetailViewController.swift in Sources */ = {isa = PBXBuildFile; fileRef = E7AD962023A1CE2600614B98 /* DetailViewController.swift */; };
		E7BFD62523A3552800E7B6DD /* ReachabilityObserverDelegate.swift in Sources */ = {isa = PBXBuildFile; fileRef = E7BFD62423A3552800E7B6DD /* ReachabilityObserverDelegate.swift */; };
		E7D2122423A1182B00DCF648 /* AppDelegate.swift in Sources */ = {isa = PBXBuildFile; fileRef = E7D2122323A1182B00DCF648 /* AppDelegate.swift */; };
		E7D2122623A1182B00DCF648 /* SceneDelegate.swift in Sources */ = {isa = PBXBuildFile; fileRef = E7D2122523A1182B00DCF648 /* SceneDelegate.swift */; };
		E7D2122823A1182B00DCF648 /* ViewController.swift in Sources */ = {isa = PBXBuildFile; fileRef = E7D2122723A1182B00DCF648 /* ViewController.swift */; };
		E7D2122B23A1182B00DCF648 /* Main.storyboard in Resources */ = {isa = PBXBuildFile; fileRef = E7D2122923A1182B00DCF648 /* Main.storyboard */; };
		E7D2122D23A1182C00DCF648 /* Assets.xcassets in Resources */ = {isa = PBXBuildFile; fileRef = E7D2122C23A1182C00DCF648 /* Assets.xcassets */; };
		E7D2123023A1182C00DCF648 /* LaunchScreen.storyboard in Resources */ = {isa = PBXBuildFile; fileRef = E7D2122E23A1182C00DCF648 /* LaunchScreen.storyboard */; };
		E7D2123B23A1182C00DCF648 /* MyMediaFinderTests.swift in Sources */ = {isa = PBXBuildFile; fileRef = E7D2123A23A1182C00DCF648 /* MyMediaFinderTests.swift */; };
		E7D2124623A1182C00DCF648 /* MyMediaFinderUITests.swift in Sources */ = {isa = PBXBuildFile; fileRef = E7D2124523A1182C00DCF648 /* MyMediaFinderUITests.swift */; };
		E7D2125D23A11A9A00DCF648 /* FinderViewControllerTests.swift in Sources */ = {isa = PBXBuildFile; fileRef = E7D2125923A11A9A00DCF648 /* FinderViewControllerTests.swift */; };
		E7EED6F023A2D42500BED4D5 /* MediaPresenterMock.swift in Sources */ = {isa = PBXBuildFile; fileRef = E7EED6EF23A2D42500BED4D5 /* MediaPresenterMock.swift */; };
		E7EED6F323A2D44D00BED4D5 /* MediaViewControllerMock.swift in Sources */ = {isa = PBXBuildFile; fileRef = E7EED6F223A2D44D00BED4D5 /* MediaViewControllerMock.swift */; };
		E7EED6F623A2EA2200BED4D5 /* DetailViewControllerTests.swift in Sources */ = {isa = PBXBuildFile; fileRef = E7EED6F523A2EA2200BED4D5 /* DetailViewControllerTests.swift */; };
		E7EED6F823A2EA8600BED4D5 /* DetailPresenterMock.swift in Sources */ = {isa = PBXBuildFile; fileRef = E7EED6F723A2EA8600BED4D5 /* DetailPresenterMock.swift */; };
		FDE84AD9E5758CD9E84C1BB1 /* Pods_MyMediaFinder.framework in Frameworks */ = {isa = PBXBuildFile; fileRef = 0DA2CE5C4C36AD2440DCD3DE /* Pods_MyMediaFinder.framework */; };
/* End PBXBuildFile section */

/* Begin PBXContainerItemProxy section */
		E7D2123723A1182C00DCF648 /* PBXContainerItemProxy */ = {
			isa = PBXContainerItemProxy;
			containerPortal = E7D2121823A1182B00DCF648 /* Project object */;
			proxyType = 1;
			remoteGlobalIDString = E7D2121F23A1182B00DCF648;
			remoteInfo = MyMediaFinder;
		};
		E7D2124223A1182C00DCF648 /* PBXContainerItemProxy */ = {
			isa = PBXContainerItemProxy;
			containerPortal = E7D2121823A1182B00DCF648 /* Project object */;
			proxyType = 1;
			remoteGlobalIDString = E7D2121F23A1182B00DCF648;
			remoteInfo = MyMediaFinder;
		};
/* End PBXContainerItemProxy section */

/* Begin PBXFileReference section */
		0DA2CE5C4C36AD2440DCD3DE /* Pods_MyMediaFinder.framework */ = {isa = PBXFileReference; explicitFileType = wrapper.framework; includeInIndex = 0; path = Pods_MyMediaFinder.framework; sourceTree = BUILT_PRODUCTS_DIR; };
		7ADA10C59F499652F53BC4C7 /* Pods-MyMediaFinder.release.xcconfig */ = {isa = PBXFileReference; includeInIndex = 1; lastKnownFileType = text.xcconfig; name = "Pods-MyMediaFinder.release.xcconfig"; path = "Target Support Files/Pods-MyMediaFinder/Pods-MyMediaFinder.release.xcconfig"; sourceTree = "<group>"; };
		CB784F6A066DE03F2C90B0C7 /* Pods-MyMediaFinder.debug.xcconfig */ = {isa = PBXFileReference; includeInIndex = 1; lastKnownFileType = text.xcconfig; name = "Pods-MyMediaFinder.debug.xcconfig"; path = "Target Support Files/Pods-MyMediaFinder/Pods-MyMediaFinder.debug.xcconfig"; sourceTree = "<group>"; };
		E782E87823A122F50009F6CC /* FinderPresenterMock.swift */ = {isa = PBXFileReference; lastKnownFileType = sourcecode.swift; path = FinderPresenterMock.swift; sourceTree = "<group>"; };
		E782E87E23A126A30009F6CC /* FinderViewController.swift */ = {isa = PBXFileReference; lastKnownFileType = sourcecode.swift; path = FinderViewController.swift; sourceTree = "<group>"; };
		E782E88223A1275B0009F6CC /* FinderPresenter.swift */ = {isa = PBXFileReference; lastKnownFileType = sourcecode.swift; path = FinderPresenter.swift; sourceTree = "<group>"; };
		E7AD95E823A1349700614B98 /* FinderRouter.swift */ = {isa = PBXFileReference; lastKnownFileType = sourcecode.swift; path = FinderRouter.swift; sourceTree = "<group>"; };
		E7AD95ED23A13FD600614B98 /* String+Extensions.swift */ = {isa = PBXFileReference; lastKnownFileType = sourcecode.swift; path = "String+Extensions.swift"; sourceTree = "<group>"; };
		E7AD95F023A1464500614B98 /* MediaViewControllerTests.swift */ = {isa = PBXFileReference; lastKnownFileType = sourcecode.swift; path = MediaViewControllerTests.swift; sourceTree = "<group>"; };
		E7AD95F223A147BB00614B98 /* MediaViewController.swift */ = {isa = PBXFileReference; lastKnownFileType = sourcecode.swift; path = MediaViewController.swift; sourceTree = "<group>"; };
		E7AD960223A14E2200614B98 /* MediaPresenter.swift */ = {isa = PBXFileReference; lastKnownFileType = sourcecode.swift; path = MediaPresenter.swift; sourceTree = "<group>"; };
		E7AD960D23A1697500614B98 /* MediaWorker.swift */ = {isa = PBXFileReference; lastKnownFileType = sourcecode.swift; path = MediaWorker.swift; sourceTree = "<group>"; };
		E7AD960F23A16A7B00614B98 /* MediaModel.swift */ = {isa = PBXFileReference; lastKnownFileType = sourcecode.swift; path = MediaModel.swift; sourceTree = "<group>"; };
		E7AD961123A1767400614B98 /* MediaRouter.swift */ = {isa = PBXFileReference; lastKnownFileType = sourcecode.swift; path = MediaRouter.swift; sourceTree = "<group>"; };
		E7AD961523A17F7000614B98 /* MediaTableViewCell.swift */ = {isa = PBXFileReference; lastKnownFileType = sourcecode.swift; path = MediaTableViewCell.swift; sourceTree = "<group>"; };
		E7AD961623A17F7000614B98 /* MediaTableViewCell.xib */ = {isa = PBXFileReference; lastKnownFileType = file.xib; path = MediaTableViewCell.xib; sourceTree = "<group>"; };
		E7AD961C23A19F2B00614B98 /* DetailPresenter.swift */ = {isa = PBXFileReference; lastKnownFileType = sourcecode.swift; path = DetailPresenter.swift; sourceTree = "<group>"; };
		E7AD961E23A1A3E800614B98 /* UIImageView+Extensions.swift */ = {isa = PBXFileReference; lastKnownFileType = sourcecode.swift; path = "UIImageView+Extensions.swift"; sourceTree = "<group>"; };
		E7AD962023A1CE2600614B98 /* DetailViewController.swift */ = {isa = PBXFileReference; lastKnownFileType = sourcecode.swift; path = DetailViewController.swift; sourceTree = "<group>"; };
		E7BFD62423A3552800E7B6DD /* ReachabilityObserverDelegate.swift */ = {isa = PBXFileReference; fileEncoding = 4; lastKnownFileType = sourcecode.swift; name = ReachabilityObserverDelegate.swift; path = "../../../../../../Downloads/aa06d98f8d9834101a634f358e524660-f9538c1fb5b4f4ccb1561a864c39413fcf0c576f/ReachabilityObserverDelegate.swift"; sourceTree = "<group>"; };
		E7D2122023A1182B00DCF648 /* MyMediaFinder.app */ = {isa = PBXFileReference; explicitFileType = wrapper.application; includeInIndex = 0; path = MyMediaFinder.app; sourceTree = BUILT_PRODUCTS_DIR; };
		E7D2122323A1182B00DCF648 /* AppDelegate.swift */ = {isa = PBXFileReference; lastKnownFileType = sourcecode.swift; path = AppDelegate.swift; sourceTree = "<group>"; };
		E7D2122523A1182B00DCF648 /* SceneDelegate.swift */ = {isa = PBXFileReference; lastKnownFileType = sourcecode.swift; path = SceneDelegate.swift; sourceTree = "<group>"; };
		E7D2122723A1182B00DCF648 /* ViewController.swift */ = {isa = PBXFileReference; lastKnownFileType = sourcecode.swift; path = ViewController.swift; sourceTree = "<group>"; };
		E7D2122A23A1182B00DCF648 /* Base */ = {isa = PBXFileReference; lastKnownFileType = file.storyboard; name = Base; path = Base.lproj/Main.storyboard; sourceTree = "<group>"; };
		E7D2122C23A1182C00DCF648 /* Assets.xcassets */ = {isa = PBXFileReference; lastKnownFileType = folder.assetcatalog; path = Assets.xcassets; sourceTree = "<group>"; };
		E7D2122F23A1182C00DCF648 /* Base */ = {isa = PBXFileReference; lastKnownFileType = file.storyboard; name = Base; path = Base.lproj/LaunchScreen.storyboard; sourceTree = "<group>"; };
		E7D2123123A1182C00DCF648 /* Info.plist */ = {isa = PBXFileReference; lastKnownFileType = text.plist.xml; path = Info.plist; sourceTree = "<group>"; };
		E7D2123623A1182C00DCF648 /* MyMediaFinderTests.xctest */ = {isa = PBXFileReference; explicitFileType = wrapper.cfbundle; includeInIndex = 0; path = MyMediaFinderTests.xctest; sourceTree = BUILT_PRODUCTS_DIR; };
		E7D2123A23A1182C00DCF648 /* MyMediaFinderTests.swift */ = {isa = PBXFileReference; lastKnownFileType = sourcecode.swift; path = MyMediaFinderTests.swift; sourceTree = "<group>"; };
		E7D2123C23A1182C00DCF648 /* Info.plist */ = {isa = PBXFileReference; lastKnownFileType = text.plist.xml; path = Info.plist; sourceTree = "<group>"; };
		E7D2124123A1182C00DCF648 /* MyMediaFinderUITests.xctest */ = {isa = PBXFileReference; explicitFileType = wrapper.cfbundle; includeInIndex = 0; path = MyMediaFinderUITests.xctest; sourceTree = BUILT_PRODUCTS_DIR; };
		E7D2124523A1182C00DCF648 /* MyMediaFinderUITests.swift */ = {isa = PBXFileReference; lastKnownFileType = sourcecode.swift; path = MyMediaFinderUITests.swift; sourceTree = "<group>"; };
		E7D2124723A1182C00DCF648 /* Info.plist */ = {isa = PBXFileReference; lastKnownFileType = text.plist.xml; path = Info.plist; sourceTree = "<group>"; };
		E7D2125923A11A9A00DCF648 /* FinderViewControllerTests.swift */ = {isa = PBXFileReference; lastKnownFileType = sourcecode.swift; path = FinderViewControllerTests.swift; sourceTree = "<group>"; };
		E7EED6EF23A2D42500BED4D5 /* MediaPresenterMock.swift */ = {isa = PBXFileReference; lastKnownFileType = sourcecode.swift; path = MediaPresenterMock.swift; sourceTree = "<group>"; };
		E7EED6F223A2D44D00BED4D5 /* MediaViewControllerMock.swift */ = {isa = PBXFileReference; lastKnownFileType = sourcecode.swift; path = MediaViewControllerMock.swift; sourceTree = "<group>"; };
		E7EED6F523A2EA2200BED4D5 /* DetailViewControllerTests.swift */ = {isa = PBXFileReference; lastKnownFileType = sourcecode.swift; path = DetailViewControllerTests.swift; sourceTree = "<group>"; };
		E7EED6F723A2EA8600BED4D5 /* DetailPresenterMock.swift */ = {isa = PBXFileReference; lastKnownFileType = sourcecode.swift; path = DetailPresenterMock.swift; sourceTree = "<group>"; };
/* End PBXFileReference section */

/* Begin PBXFrameworksBuildPhase section */
		E7D2121D23A1182B00DCF648 /* Frameworks */ = {
			isa = PBXFrameworksBuildPhase;
			buildActionMask = 2147483647;
			files = (
				FDE84AD9E5758CD9E84C1BB1 /* Pods_MyMediaFinder.framework in Frameworks */,
			);
			runOnlyForDeploymentPostprocessing = 0;
		};
		E7D2123323A1182C00DCF648 /* Frameworks */ = {
			isa = PBXFrameworksBuildPhase;
			buildActionMask = 2147483647;
			files = (
			);
			runOnlyForDeploymentPostprocessing = 0;
		};
		E7D2123E23A1182C00DCF648 /* Frameworks */ = {
			isa = PBXFrameworksBuildPhase;
			buildActionMask = 2147483647;
			files = (
			);
			runOnlyForDeploymentPostprocessing = 0;
		};
/* End PBXFrameworksBuildPhase section */

/* Begin PBXGroup section */
		366D191D2532DAC7B2063A3D /* Frameworks */ = {
			isa = PBXGroup;
			children = (
				0DA2CE5C4C36AD2440DCD3DE /* Pods_MyMediaFinder.framework */,
			);
			name = Frameworks;
			sourceTree = "<group>";
		};
		82BB4B5B521C44468BC342B2 /* Pods */ = {
			isa = PBXGroup;
			children = (
				CB784F6A066DE03F2C90B0C7 /* Pods-MyMediaFinder.debug.xcconfig */,
				7ADA10C59F499652F53BC4C7 /* Pods-MyMediaFinder.release.xcconfig */,
			);
			path = Pods;
			sourceTree = "<group>";
		};
		E7AD95EA23A13F7200614B98 /* Helpers */ = {
			isa = PBXGroup;
			children = (
				E7BFD62423A3552800E7B6DD /* ReachabilityObserverDelegate.swift */,
				E7AD95ED23A13FD600614B98 /* String+Extensions.swift */,
				E7AD961E23A1A3E800614B98 /* UIImageView+Extensions.swift */,
			);
			path = Helpers;
			sourceTree = "<group>";
		};
		E7AD95EF23A1461600614B98 /* Media */ = {
			isa = PBXGroup;
			children = (
				E7AD95F023A1464500614B98 /* MediaViewControllerTests.swift */,
				E7EED6F223A2D44D00BED4D5 /* MediaViewControllerMock.swift */,
				E7EED6EF23A2D42500BED4D5 /* MediaPresenterMock.swift */,
			);
			path = Media;
			sourceTree = "<group>";
		};
		E7AD95F423A148B400614B98 /* Media */ = {
			isa = PBXGroup;
			children = (
				E7AD95F223A147BB00614B98 /* MediaViewController.swift */,
				E7AD960223A14E2200614B98 /* MediaPresenter.swift */,
				E7AD960D23A1697500614B98 /* MediaWorker.swift */,
				E7AD960F23A16A7B00614B98 /* MediaModel.swift */,
				E7AD961123A1767400614B98 /* MediaRouter.swift */,
				E7AD961523A17F7000614B98 /* MediaTableViewCell.swift */,
				E7AD961623A17F7000614B98 /* MediaTableViewCell.xib */,
			);
			path = Media;
			sourceTree = "<group>";
		};
		E7AD961923A1942A00614B98 /* Detail */ = {
			isa = PBXGroup;
			children = (
				E7AD961C23A19F2B00614B98 /* DetailPresenter.swift */,
				E7AD962023A1CE2600614B98 /* DetailViewController.swift */,
			);
			path = Detail;
			sourceTree = "<group>";
		};
		E7D2121723A1182B00DCF648 = {
			isa = PBXGroup;
			children = (
				E7D2122223A1182B00DCF648 /* MyMediaFinder */,
				E7D2123923A1182C00DCF648 /* MyMediaFinderTests */,
				E7D2124423A1182C00DCF648 /* MyMediaFinderUITests */,
				E7D2122123A1182B00DCF648 /* Products */,
				82BB4B5B521C44468BC342B2 /* Pods */,
				366D191D2532DAC7B2063A3D /* Frameworks */,
			);
			sourceTree = "<group>";
		};
		E7D2122123A1182B00DCF648 /* Products */ = {
			isa = PBXGroup;
			children = (
				E7D2122023A1182B00DCF648 /* MyMediaFinder.app */,
				E7D2123623A1182C00DCF648 /* MyMediaFinderTests.xctest */,
				E7D2124123A1182C00DCF648 /* MyMediaFinderUITests.xctest */,
			);
			name = Products;
			sourceTree = "<group>";
		};
		E7D2122223A1182B00DCF648 /* MyMediaFinder */ = {
			isa = PBXGroup;
			children = (
				E7AD95EA23A13F7200614B98 /* Helpers */,
				E7D2125523A11A3D00DCF648 /* Modules */,
				E7D2122323A1182B00DCF648 /* AppDelegate.swift */,
				E7D2122523A1182B00DCF648 /* SceneDelegate.swift */,
				E7D2122723A1182B00DCF648 /* ViewController.swift */,
				E7D2122923A1182B00DCF648 /* Main.storyboard */,
				E7D2122C23A1182C00DCF648 /* Assets.xcassets */,
				E7D2122E23A1182C00DCF648 /* LaunchScreen.storyboard */,
				E7D2123123A1182C00DCF648 /* Info.plist */,
			);
			path = MyMediaFinder;
			sourceTree = "<group>";
		};
		E7D2123923A1182C00DCF648 /* MyMediaFinderTests */ = {
			isa = PBXGroup;
			children = (
				E7D2125723A11A4B00DCF648 /* Modules */,
				E7D2123A23A1182C00DCF648 /* MyMediaFinderTests.swift */,
				E7D2123C23A1182C00DCF648 /* Info.plist */,
			);
			path = MyMediaFinderTests;
			sourceTree = "<group>";
		};
		E7D2124423A1182C00DCF648 /* MyMediaFinderUITests */ = {
			isa = PBXGroup;
			children = (
				E7D2124523A1182C00DCF648 /* MyMediaFinderUITests.swift */,
				E7D2124723A1182C00DCF648 /* Info.plist */,
			);
			path = MyMediaFinderUITests;
			sourceTree = "<group>";
		};
		E7D2125523A11A3D00DCF648 /* Modules */ = {
			isa = PBXGroup;
			children = (
				E7AD961923A1942A00614B98 /* Detail */,
				E7AD95F423A148B400614B98 /* Media */,
				E7D2125623A11A4600DCF648 /* Finder */,
			);
			path = Modules;
			sourceTree = "<group>";
		};
		E7D2125623A11A4600DCF648 /* Finder */ = {
			isa = PBXGroup;
			children = (
				E782E87E23A126A30009F6CC /* FinderViewController.swift */,
				E782E88223A1275B0009F6CC /* FinderPresenter.swift */,
				E7AD95E823A1349700614B98 /* FinderRouter.swift */,
			);
			path = Finder;
			sourceTree = "<group>";
		};
		E7D2125723A11A4B00DCF648 /* Modules */ = {
			isa = PBXGroup;
			children = (
				E7EED6F423A2E9F900BED4D5 /* Detail */,
				E7AD95EF23A1461600614B98 /* Media */,
				E7D2125823A11A5300DCF648 /* Finder */,
			);
			path = Modules;
			sourceTree = "<group>";
		};
		E7D2125823A11A5300DCF648 /* Finder */ = {
			isa = PBXGroup;
			children = (
				E7D2125923A11A9A00DCF648 /* FinderViewControllerTests.swift */,
				E782E87823A122F50009F6CC /* FinderPresenterMock.swift */,
			);
			path = Finder;
			sourceTree = "<group>";
		};
		E7EED6F423A2E9F900BED4D5 /* Detail */ = {
			isa = PBXGroup;
			children = (
				E7EED6F523A2EA2200BED4D5 /* DetailViewControllerTests.swift */,
				E7EED6F723A2EA8600BED4D5 /* DetailPresenterMock.swift */,
			);
			path = Detail;
			sourceTree = "<group>";
		};
/* End PBXGroup section */

/* Begin PBXNativeTarget section */
		E7D2121F23A1182B00DCF648 /* MyMediaFinder */ = {
			isa = PBXNativeTarget;
			buildConfigurationList = E7D2124A23A1182C00DCF648 /* Build configuration list for PBXNativeTarget "MyMediaFinder" */;
			buildPhases = (
				3568629B2067A3FB574BD9EA /* [CP] Check Pods Manifest.lock */,
				E7D2121C23A1182B00DCF648 /* Sources */,
				E7D2121D23A1182B00DCF648 /* Frameworks */,
				E7D2121E23A1182B00DCF648 /* Resources */,
				FAF1F6D44B6A49D72FCBF83E /* [CP] Embed Pods Frameworks */,
			);
			buildRules = (
			);
			dependencies = (
			);
			name = MyMediaFinder;
			productName = MyMediaFinder;
			productReference = E7D2122023A1182B00DCF648 /* MyMediaFinder.app */;
			productType = "com.apple.product-type.application";
		};
		E7D2123523A1182C00DCF648 /* MyMediaFinderTests */ = {
			isa = PBXNativeTarget;
			buildConfigurationList = E7D2124D23A1182C00DCF648 /* Build configuration list for PBXNativeTarget "MyMediaFinderTests" */;
			buildPhases = (
				E7D2123223A1182C00DCF648 /* Sources */,
				E7D2123323A1182C00DCF648 /* Frameworks */,
				E7D2123423A1182C00DCF648 /* Resources */,
			);
			buildRules = (
			);
			dependencies = (
				E7D2123823A1182C00DCF648 /* PBXTargetDependency */,
			);
			name = MyMediaFinderTests;
			productName = MyMediaFinderTests;
			productReference = E7D2123623A1182C00DCF648 /* MyMediaFinderTests.xctest */;
			productType = "com.apple.product-type.bundle.unit-test";
		};
		E7D2124023A1182C00DCF648 /* MyMediaFinderUITests */ = {
			isa = PBXNativeTarget;
			buildConfigurationList = E7D2125023A1182C00DCF648 /* Build configuration list for PBXNativeTarget "MyMediaFinderUITests" */;
			buildPhases = (
				E7D2123D23A1182C00DCF648 /* Sources */,
				E7D2123E23A1182C00DCF648 /* Frameworks */,
				E7D2123F23A1182C00DCF648 /* Resources */,
			);
			buildRules = (
			);
			dependencies = (
				E7D2124323A1182C00DCF648 /* PBXTargetDependency */,
			);
			name = MyMediaFinderUITests;
			productName = MyMediaFinderUITests;
			productReference = E7D2124123A1182C00DCF648 /* MyMediaFinderUITests.xctest */;
			productType = "com.apple.product-type.bundle.ui-testing";
		};
/* End PBXNativeTarget section */

/* Begin PBXProject section */
		E7D2121823A1182B00DCF648 /* Project object */ = {
			isa = PBXProject;
			attributes = {
				LastSwiftUpdateCheck = 1120;
				LastUpgradeCheck = 1120;
				ORGANIZATIONNAME = "Diego Sepúlveda";
				TargetAttributes = {
					E7D2121F23A1182B00DCF648 = {
						CreatedOnToolsVersion = 11.2.1;
					};
					E7D2123523A1182C00DCF648 = {
						CreatedOnToolsVersion = 11.2.1;
						TestTargetID = E7D2121F23A1182B00DCF648;
					};
					E7D2124023A1182C00DCF648 = {
						CreatedOnToolsVersion = 11.2.1;
						TestTargetID = E7D2121F23A1182B00DCF648;
					};
				};
			};
			buildConfigurationList = E7D2121B23A1182B00DCF648 /* Build configuration list for PBXProject "MyMediaFinder" */;
			compatibilityVersion = "Xcode 9.3";
			developmentRegion = en;
			hasScannedForEncodings = 0;
			knownRegions = (
				en,
				Base,
			);
			mainGroup = E7D2121723A1182B00DCF648;
			productRefGroup = E7D2122123A1182B00DCF648 /* Products */;
			projectDirPath = "";
			projectRoot = "";
			targets = (
				E7D2121F23A1182B00DCF648 /* MyMediaFinder */,
				E7D2123523A1182C00DCF648 /* MyMediaFinderTests */,
				E7D2124023A1182C00DCF648 /* MyMediaFinderUITests */,
			);
		};
/* End PBXProject section */

/* Begin PBXResourcesBuildPhase section */
		E7D2121E23A1182B00DCF648 /* Resources */ = {
			isa = PBXResourcesBuildPhase;
			buildActionMask = 2147483647;
			files = (
				E7D2123023A1182C00DCF648 /* LaunchScreen.storyboard in Resources */,
				E7D2122D23A1182C00DCF648 /* Assets.xcassets in Resources */,
				E7AD961823A17F7000614B98 /* MediaTableViewCell.xib in Resources */,
				E7D2122B23A1182B00DCF648 /* Main.storyboard in Resources */,
			);
			runOnlyForDeploymentPostprocessing = 0;
		};
		E7D2123423A1182C00DCF648 /* Resources */ = {
			isa = PBXResourcesBuildPhase;
			buildActionMask = 2147483647;
			files = (
			);
			runOnlyForDeploymentPostprocessing = 0;
		};
		E7D2123F23A1182C00DCF648 /* Resources */ = {
			isa = PBXResourcesBuildPhase;
			buildActionMask = 2147483647;
			files = (
			);
			runOnlyForDeploymentPostprocessing = 0;
		};
/* End PBXResourcesBuildPhase section */

/* Begin PBXShellScriptBuildPhase section */
		3568629B2067A3FB574BD9EA /* [CP] Check Pods Manifest.lock */ = {
			isa = PBXShellScriptBuildPhase;
			buildActionMask = 2147483647;
			files = (
			);
			inputFileListPaths = (
			);
			inputPaths = (
				"${PODS_PODFILE_DIR_PATH}/Podfile.lock",
				"${PODS_ROOT}/Manifest.lock",
			);
			name = "[CP] Check Pods Manifest.lock";
			outputFileListPaths = (
			);
			outputPaths = (
				"$(DERIVED_FILE_DIR)/Pods-MyMediaFinder-checkManifestLockResult.txt",
			);
			runOnlyForDeploymentPostprocessing = 0;
			shellPath = /bin/sh;
			shellScript = "diff \"${PODS_PODFILE_DIR_PATH}/Podfile.lock\" \"${PODS_ROOT}/Manifest.lock\" > /dev/null\nif [ $? != 0 ] ; then\n    # print error to STDERR\n    echo \"error: The sandbox is not in sync with the Podfile.lock. Run 'pod install' or update your CocoaPods installation.\" >&2\n    exit 1\nfi\n# This output is used by Xcode 'outputs' to avoid re-running this script phase.\necho \"SUCCESS\" > \"${SCRIPT_OUTPUT_FILE_0}\"\n";
			showEnvVarsInLog = 0;
		};
		FAF1F6D44B6A49D72FCBF83E /* [CP] Embed Pods Frameworks */ = {
			isa = PBXShellScriptBuildPhase;
			buildActionMask = 2147483647;
			files = (
			);
			inputFileListPaths = (
				"${PODS_ROOT}/Target Support Files/Pods-MyMediaFinder/Pods-MyMediaFinder-frameworks-${CONFIGURATION}-input-files.xcfilelist",
			);
			name = "[CP] Embed Pods Frameworks";
			outputFileListPaths = (
				"${PODS_ROOT}/Target Support Files/Pods-MyMediaFinder/Pods-MyMediaFinder-frameworks-${CONFIGURATION}-output-files.xcfilelist",
			);
			runOnlyForDeploymentPostprocessing = 0;
			shellPath = /bin/sh;
			shellScript = "\"${PODS_ROOT}/Target Support Files/Pods-MyMediaFinder/Pods-MyMediaFinder-frameworks.sh\"\n";
			showEnvVarsInLog = 0;
		};
/* End PBXShellScriptBuildPhase section */

/* Begin PBXSourcesBuildPhase section */
		E7D2121C23A1182B00DCF648 /* Sources */ = {
			isa = PBXSourcesBuildPhase;
			buildActionMask = 2147483647;
			files = (
				E7AD95F323A147BB00614B98 /* MediaViewController.swift in Sources */,
				E7AD962123A1CE2600614B98 /* DetailViewController.swift in Sources */,
				E782E87F23A126A30009F6CC /* FinderViewController.swift in Sources */,
				E7D2122823A1182B00DCF648 /* ViewController.swift in Sources */,
				E782E88323A1275B0009F6CC /* FinderPresenter.swift in Sources */,
				E7AD961023A16A7B00614B98 /* MediaModel.swift in Sources */,
				E7AD95EE23A13FD600614B98 /* String+Extensions.swift in Sources */,
				E7AD960E23A1697500614B98 /* MediaWorker.swift in Sources */,
				E7D2122423A1182B00DCF648 /* AppDelegate.swift in Sources */,
				E7BFD62523A3552800E7B6DD /* ReachabilityObserverDelegate.swift in Sources */,
				E7AD95E923A1349700614B98 /* FinderRouter.swift in Sources */,
				E7AD960323A14E2200614B98 /* MediaPresenter.swift in Sources */,
				E7AD961223A1767400614B98 /* MediaRouter.swift in Sources */,
				E7AD961D23A19F2B00614B98 /* DetailPresenter.swift in Sources */,
				E7AD961723A17F7000614B98 /* MediaTableViewCell.swift in Sources */,
				E7D2122623A1182B00DCF648 /* SceneDelegate.swift in Sources */,
				E7AD961F23A1A3E800614B98 /* UIImageView+Extensions.swift in Sources */,
			);
			runOnlyForDeploymentPostprocessing = 0;
		};
		E7D2123223A1182C00DCF648 /* Sources */ = {
			isa = PBXSourcesBuildPhase;
			buildActionMask = 2147483647;
			files = (
				E7D2125D23A11A9A00DCF648 /* FinderViewControllerTests.swift in Sources */,
				E7EED6F823A2EA8600BED4D5 /* DetailPresenterMock.swift in Sources */,
				E782E87923A122F50009F6CC /* FinderPresenterMock.swift in Sources */,
				E7D2123B23A1182C00DCF648 /* MyMediaFinderTests.swift in Sources */,
				E7EED6F323A2D44D00BED4D5 /* MediaViewControllerMock.swift in Sources */,
				E7EED6F623A2EA2200BED4D5 /* DetailViewControllerTests.swift in Sources */,
				E7EED6F023A2D42500BED4D5 /* MediaPresenterMock.swift in Sources */,
				E7AD95F123A1464500614B98 /* MediaViewControllerTests.swift in Sources */,
			);
			runOnlyForDeploymentPostprocessing = 0;
		};
		E7D2123D23A1182C00DCF648 /* Sources */ = {
			isa = PBXSourcesBuildPhase;
			buildActionMask = 2147483647;
			files = (
				E7D2124623A1182C00DCF648 /* MyMediaFinderUITests.swift in Sources */,
			);
			runOnlyForDeploymentPostprocessing = 0;
		};
/* End PBXSourcesBuildPhase section */

/* Begin PBXTargetDependency section */
		E7D2123823A1182C00DCF648 /* PBXTargetDependency */ = {
			isa = PBXTargetDependency;
			target = E7D2121F23A1182B00DCF648 /* MyMediaFinder */;
			targetProxy = E7D2123723A1182C00DCF648 /* PBXContainerItemProxy */;
		};
		E7D2124323A1182C00DCF648 /* PBXTargetDependency */ = {
			isa = PBXTargetDependency;
			target = E7D2121F23A1182B00DCF648 /* MyMediaFinder */;
			targetProxy = E7D2124223A1182C00DCF648 /* PBXContainerItemProxy */;
		};
/* End PBXTargetDependency section */

/* Begin PBXVariantGroup section */
		E7D2122923A1182B00DCF648 /* Main.storyboard */ = {
			isa = PBXVariantGroup;
			children = (
				E7D2122A23A1182B00DCF648 /* Base */,
			);
			name = Main.storyboard;
			sourceTree = "<group>";
		};
		E7D2122E23A1182C00DCF648 /* LaunchScreen.storyboard */ = {
			isa = PBXVariantGroup;
			children = (
				E7D2122F23A1182C00DCF648 /* Base */,
			);
			name = LaunchScreen.storyboard;
			sourceTree = "<group>";
		};
/* End PBXVariantGroup section */

/* Begin XCBuildConfiguration section */
		E7D2124823A1182C00DCF648 /* Debug */ = {
			isa = XCBuildConfiguration;
			buildSettings = {
				ALWAYS_SEARCH_USER_PATHS = NO;
				CLANG_ANALYZER_NONNULL = YES;
				CLANG_ANALYZER_NUMBER_OBJECT_CONVERSION = YES_AGGRESSIVE;
				CLANG_CXX_LANGUAGE_STANDARD = "gnu++14";
				CLANG_CXX_LIBRARY = "libc++";
				CLANG_ENABLE_MODULES = YES;
				CLANG_ENABLE_OBJC_ARC = YES;
				CLANG_ENABLE_OBJC_WEAK = YES;
				CLANG_WARN_BLOCK_CAPTURE_AUTORELEASING = YES;
				CLANG_WARN_BOOL_CONVERSION = YES;
				CLANG_WARN_COMMA = YES;
				CLANG_WARN_CONSTANT_CONVERSION = YES;
				CLANG_WARN_DEPRECATED_OBJC_IMPLEMENTATIONS = YES;
				CLANG_WARN_DIRECT_OBJC_ISA_USAGE = YES_ERROR;
				CLANG_WARN_DOCUMENTATION_COMMENTS = YES;
				CLANG_WARN_EMPTY_BODY = YES;
				CLANG_WARN_ENUM_CONVERSION = YES;
				CLANG_WARN_INFINITE_RECURSION = YES;
				CLANG_WARN_INT_CONVERSION = YES;
				CLANG_WARN_NON_LITERAL_NULL_CONVERSION = YES;
				CLANG_WARN_OBJC_IMPLICIT_RETAIN_SELF = YES;
				CLANG_WARN_OBJC_LITERAL_CONVERSION = YES;
				CLANG_WARN_OBJC_ROOT_CLASS = YES_ERROR;
				CLANG_WARN_RANGE_LOOP_ANALYSIS = YES;
				CLANG_WARN_STRICT_PROTOTYPES = YES;
				CLANG_WARN_SUSPICIOUS_MOVE = YES;
				CLANG_WARN_UNGUARDED_AVAILABILITY = YES_AGGRESSIVE;
				CLANG_WARN_UNREACHABLE_CODE = YES;
				CLANG_WARN__DUPLICATE_METHOD_MATCH = YES;
				COPY_PHASE_STRIP = NO;
				DEBUG_INFORMATION_FORMAT = dwarf;
				ENABLE_STRICT_OBJC_MSGSEND = YES;
				ENABLE_TESTABILITY = YES;
				GCC_C_LANGUAGE_STANDARD = gnu11;
				GCC_DYNAMIC_NO_PIC = NO;
				GCC_NO_COMMON_BLOCKS = YES;
				GCC_OPTIMIZATION_LEVEL = 0;
				GCC_PREPROCESSOR_DEFINITIONS = (
					"DEBUG=1",
					"$(inherited)",
				);
				GCC_WARN_64_TO_32_BIT_CONVERSION = YES;
				GCC_WARN_ABOUT_RETURN_TYPE = YES_ERROR;
				GCC_WARN_UNDECLARED_SELECTOR = YES;
				GCC_WARN_UNINITIALIZED_AUTOS = YES_AGGRESSIVE;
				GCC_WARN_UNUSED_FUNCTION = YES;
				GCC_WARN_UNUSED_VARIABLE = YES;
				IPHONEOS_DEPLOYMENT_TARGET = 13.2;
				MTL_ENABLE_DEBUG_INFO = INCLUDE_SOURCE;
				MTL_FAST_MATH = YES;
				ONLY_ACTIVE_ARCH = YES;
				SDKROOT = iphoneos;
				SWIFT_ACTIVE_COMPILATION_CONDITIONS = DEBUG;
				SWIFT_OPTIMIZATION_LEVEL = "-Onone";
			};
			name = Debug;
		};
		E7D2124923A1182C00DCF648 /* Release */ = {
			isa = XCBuildConfiguration;
			buildSettings = {
				ALWAYS_SEARCH_USER_PATHS = NO;
				CLANG_ANALYZER_NONNULL = YES;
				CLANG_ANALYZER_NUMBER_OBJECT_CONVERSION = YES_AGGRESSIVE;
				CLANG_CXX_LANGUAGE_STANDARD = "gnu++14";
				CLANG_CXX_LIBRARY = "libc++";
				CLANG_ENABLE_MODULES = YES;
				CLANG_ENABLE_OBJC_ARC = YES;
				CLANG_ENABLE_OBJC_WEAK = YES;
				CLANG_WARN_BLOCK_CAPTURE_AUTORELEASING = YES;
				CLANG_WARN_BOOL_CONVERSION = YES;
				CLANG_WARN_COMMA = YES;
				CLANG_WARN_CONSTANT_CONVERSION = YES;
				CLANG_WARN_DEPRECATED_OBJC_IMPLEMENTATIONS = YES;
				CLANG_WARN_DIRECT_OBJC_ISA_USAGE = YES_ERROR;
				CLANG_WARN_DOCUMENTATION_COMMENTS = YES;
				CLANG_WARN_EMPTY_BODY = YES;
				CLANG_WARN_ENUM_CONVERSION = YES;
				CLANG_WARN_INFINITE_RECURSION = YES;
				CLANG_WARN_INT_CONVERSION = YES;
				CLANG_WARN_NON_LITERAL_NULL_CONVERSION = YES;
				CLANG_WARN_OBJC_IMPLICIT_RETAIN_SELF = YES;
				CLANG_WARN_OBJC_LITERAL_CONVERSION = YES;
				CLANG_WARN_OBJC_ROOT_CLASS = YES_ERROR;
				CLANG_WARN_RANGE_LOOP_ANALYSIS = YES;
				CLANG_WARN_STRICT_PROTOTYPES = YES;
				CLANG_WARN_SUSPICIOUS_MOVE = YES;
				CLANG_WARN_UNGUARDED_AVAILABILITY = YES_AGGRESSIVE;
				CLANG_WARN_UNREACHABLE_CODE = YES;
				CLANG_WARN__DUPLICATE_METHOD_MATCH = YES;
				COPY_PHASE_STRIP = NO;
				DEBUG_INFORMATION_FORMAT = "dwarf-with-dsym";
				ENABLE_NS_ASSERTIONS = NO;
				ENABLE_STRICT_OBJC_MSGSEND = YES;
				GCC_C_LANGUAGE_STANDARD = gnu11;
				GCC_NO_COMMON_BLOCKS = YES;
				GCC_WARN_64_TO_32_BIT_CONVERSION = YES;
				GCC_WARN_ABOUT_RETURN_TYPE = YES_ERROR;
				GCC_WARN_UNDECLARED_SELECTOR = YES;
				GCC_WARN_UNINITIALIZED_AUTOS = YES_AGGRESSIVE;
				GCC_WARN_UNUSED_FUNCTION = YES;
				GCC_WARN_UNUSED_VARIABLE = YES;
				IPHONEOS_DEPLOYMENT_TARGET = 13.2;
				MTL_ENABLE_DEBUG_INFO = NO;
				MTL_FAST_MATH = YES;
				SDKROOT = iphoneos;
				SWIFT_COMPILATION_MODE = wholemodule;
				SWIFT_OPTIMIZATION_LEVEL = "-O";
				VALIDATE_PRODUCT = YES;
			};
			name = Release;
		};
		E7D2124B23A1182C00DCF648 /* Debug */ = {
			isa = XCBuildConfiguration;
			baseConfigurationReference = CB784F6A066DE03F2C90B0C7 /* Pods-MyMediaFinder.debug.xcconfig */;
			buildSettings = {
				ASSETCATALOG_COMPILER_APPICON_NAME = AppIcon;
				CODE_SIGN_STYLE = Automatic;
				DEVELOPMENT_TEAM = C72ELCW5WS;
				INFOPLIST_FILE = MyMediaFinder/Info.plist;
				IPHONEOS_DEPLOYMENT_TARGET = 13.1;
				LD_RUNPATH_SEARCH_PATHS = (
					"$(inherited)",
					"@executable_path/Frameworks",
				);
				PRODUCT_BUNDLE_IDENTIFIER = selft.disepulv.MyMediaFinder;
				PRODUCT_NAME = "$(TARGET_NAME)";
				SWIFT_VERSION = 5.0;
				TARGETED_DEVICE_FAMILY = 1;
			};
			name = Debug;
		};
		E7D2124C23A1182C00DCF648 /* Release */ = {
			isa = XCBuildConfiguration;
			baseConfigurationReference = 7ADA10C59F499652F53BC4C7 /* Pods-MyMediaFinder.release.xcconfig */;
			buildSettings = {
				ASSETCATALOG_COMPILER_APPICON_NAME = AppIcon;
				CODE_SIGN_STYLE = Automatic;
				DEVELOPMENT_TEAM = C72ELCW5WS;
				INFOPLIST_FILE = MyMediaFinder/Info.plist;
				IPHONEOS_DEPLOYMENT_TARGET = 13.1;
				LD_RUNPATH_SEARCH_PATHS = (
					"$(inherited)",
					"@executable_path/Frameworks",
				);
				PRODUCT_BUNDLE_IDENTIFIER = selft.disepulv.MyMediaFinder;
				PRODUCT_NAME = "$(TARGET_NAME)";
				SWIFT_VERSION = 5.0;
				TARGETED_DEVICE_FAMILY = 1;
			};
			name = Release;
		};
		E7D2124E23A1182C00DCF648 /* Debug */ = {
			isa = XCBuildConfiguration;
			buildSettings = {
				ALWAYS_EMBED_SWIFT_STANDARD_LIBRARIES = YES;
				BUNDLE_LOADER = "$(TEST_HOST)";
				CODE_SIGN_STYLE = Automatic;
				INFOPLIST_FILE = MyMediaFinderTests/Info.plist;
				IPHONEOS_DEPLOYMENT_TARGET = 13.2;
				LD_RUNPATH_SEARCH_PATHS = (
					"$(inherited)",
					"@executable_path/Frameworks",
					"@loader_path/Frameworks",
				);
				PRODUCT_BUNDLE_IDENTIFIER = selft.disepulv.MyMediaFinderTests;
				PRODUCT_NAME = "$(TARGET_NAME)";
				SWIFT_VERSION = 5.0;
				TARGETED_DEVICE_FAMILY = "1,2";
				TEST_HOST = "$(BUILT_PRODUCTS_DIR)/MyMediaFinder.app/MyMediaFinder";
			};
			name = Debug;
		};
		E7D2124F23A1182C00DCF648 /* Release */ = {
			isa = XCBuildConfiguration;
			buildSettings = {
				ALWAYS_EMBED_SWIFT_STANDARD_LIBRARIES = YES;
				BUNDLE_LOADER = "$(TEST_HOST)";
				CODE_SIGN_STYLE = Automatic;
				INFOPLIST_FILE = MyMediaFinderTests/Info.plist;
				IPHONEOS_DEPLOYMENT_TARGET = 13.2;
				LD_RUNPATH_SEARCH_PATHS = (
					"$(inherited)",
					"@executable_path/Frameworks",
					"@loader_path/Frameworks",
				);
				PRODUCT_BUNDLE_IDENTIFIER = selft.disepulv.MyMediaFinderTests;
				PRODUCT_NAME = "$(TARGET_NAME)";
				SWIFT_VERSION = 5.0;
				TARGETED_DEVICE_FAMILY = "1,2";
				TEST_HOST = "$(BUILT_PRODUCTS_DIR)/MyMediaFinder.app/MyMediaFinder";
			};
			name = Release;
		};
		E7D2125123A1182C00DCF648 /* Debug */ = {
			isa = XCBuildConfiguration;
			buildSettings = {
				ALWAYS_EMBED_SWIFT_STANDARD_LIBRARIES = YES;
				CODE_SIGN_STYLE = Automatic;
				INFOPLIST_FILE = MyMediaFinderUITests/Info.plist;
				LD_RUNPATH_SEARCH_PATHS = (
					"$(inherited)",
					"@executable_path/Frameworks",
					"@loader_path/Frameworks",
				);
				PRODUCT_BUNDLE_IDENTIFIER = selft.disepulv.MyMediaFinderUITests;
				PRODUCT_NAME = "$(TARGET_NAME)";
				SWIFT_VERSION = 5.0;
				TARGETED_DEVICE_FAMILY = "1,2";
				TEST_TARGET_NAME = MyMediaFinder;
			};
			name = Debug;
		};
		E7D2125223A1182C00DCF648 /* Release */ = {
			isa = XCBuildConfiguration;
			buildSettings = {
				ALWAYS_EMBED_SWIFT_STANDARD_LIBRARIES = YES;
				CODE_SIGN_STYLE = Automatic;
				INFOPLIST_FILE = MyMediaFinderUITests/Info.plist;
				LD_RUNPATH_SEARCH_PATHS = (
					"$(inherited)",
					"@executable_path/Frameworks",
					"@loader_path/Frameworks",
				);
				PRODUCT_BUNDLE_IDENTIFIER = selft.disepulv.MyMediaFinderUITests;
				PRODUCT_NAME = "$(TARGET_NAME)";
				SWIFT_VERSION = 5.0;
				TARGETED_DEVICE_FAMILY = "1,2";
				TEST_TARGET_NAME = MyMediaFinder;
			};
			name = Release;
		};
/* End XCBuildConfiguration section */

/* Begin XCConfigurationList section */
		E7D2121B23A1182B00DCF648 /* Build configuration list for PBXProject "MyMediaFinder" */ = {
			isa = XCConfigurationList;
			buildConfigurations = (
				E7D2124823A1182C00DCF648 /* Debug */,
				E7D2124923A1182C00DCF648 /* Release */,
			);
			defaultConfigurationIsVisible = 0;
			defaultConfigurationName = Release;
		};
		E7D2124A23A1182C00DCF648 /* Build configuration list for PBXNativeTarget "MyMediaFinder" */ = {
			isa = XCConfigurationList;
			buildConfigurations = (
				E7D2124B23A1182C00DCF648 /* Debug */,
				E7D2124C23A1182C00DCF648 /* Release */,
			);
			defaultConfigurationIsVisible = 0;
			defaultConfigurationName = Release;
		};
		E7D2124D23A1182C00DCF648 /* Build configuration list for PBXNativeTarget "MyMediaFinderTests" */ = {
			isa = XCConfigurationList;
			buildConfigurations = (
				E7D2124E23A1182C00DCF648 /* Debug */,
				E7D2124F23A1182C00DCF648 /* Release */,
			);
			defaultConfigurationIsVisible = 0;
			defaultConfigurationName = Release;
		};
		E7D2125023A1182C00DCF648 /* Build configuration list for PBXNativeTarget "MyMediaFinderUITests" */ = {
			isa = XCConfigurationList;
			buildConfigurations = (
				E7D2125123A1182C00DCF648 /* Debug */,
				E7D2125223A1182C00DCF648 /* Release */,
			);
			defaultConfigurationIsVisible = 0;
			defaultConfigurationName = Release;
		};
/* End XCConfigurationList section */
	};
	rootObject = E7D2121823A1182B00DCF648 /* Project object */;
}
